
Microsoft Visual Studio Solution File, Format Version 12.00
# Visual Studio 15
VisualStudioVersion = 15.0.28010.2036
MinimumVisualStudioVersion = 10.0.40219.1
Project("{FAE04EC0-301F-11D3-BF4B-00C04F79EFBC}") = "Lab5GC", "Lab5GC\Lab5GC.csproj", "{59FBB64B-8707-4B3A-A98A-362FF20D1AE1}"
EndProject
Global
	GlobalSection(SolutionConfigurationPlatforms) = preSolution
		Debug|Any CPU = Debug|Any CPU
		Release|Any CPU = Release|Any CPU
	EndGlobalSection
	GlobalSection(ProjectConfigurationPlatforms) = postSolution
		{59FBB64B-8707-4B3A-A98A-362FF20D1AE1}.Debug|Any CPU.ActiveCfg = Debug|Any CPU
		{59FBB64B-8707-4B3A-A98A-362FF20D1AE1}.Debug|Any CPU.Build.0 = Debug|Any CPU
		{59FBB64B-8707-4B3A-A98A-362FF20D1AE1}.Release|Any CPU.ActiveCfg = Release|Any CPU
		{59FBB64B-8707-4B3A-A98A-362FF20D1AE1}.Release|Any CPU.Build.0 = Release|Any CPU
	EndGlobalSection
	GlobalSection(SolutionProperties) = preSolution
		HideSolutionNode = FALSE
	EndGlobalSection
	GlobalSection(ExtensibilityGlobals) = postSolution
		SolutionGuid = {DB3D9662-51EE-4DE1-A573-543847BA3E5E}
	EndGlobalSection
EndGlobal
